
Microsoft Visual Studio Solution File, Format Version 12.00
# Visual Studio Version 16
VisualStudioVersion = 16.0.30114.105
MinimumVisualStudioVersion = 10.0.40219.1
Project("{2150E333-8FDC-42A3-9474-1A3956D46DE8}") = "src", "src", "{2F85A472-DF2F-4DF1-B088-E50A5C4BDAA9}"
EndProject
Project("{2150E333-8FDC-42A3-9474-1A3956D46DE8}") = "handlers", "handlers", "{81DBF349-C767-49D2-8972-F0B0219FAB9F}"
EndProject
Project("{FAE04EC0-301F-11D3-BF4B-00C04F79EFBC}") = "CartActor", "src\handlers\CartActor\CartActor.csproj", "{4E8C5011-1529-4F2F-B7AE-919C1B14522E}"
EndProject
Project("{2150E333-8FDC-42A3-9474-1A3956D46DE8}") = "shared", "shared", "{8D92E10B-8865-4C82-9C0E-10F72DFF07BF}"
EndProject
Project("{FAE04EC0-301F-11D3-BF4B-00C04F79EFBC}") = "ServerlessActors.Sample", "src\shared\ServerlessActors.Sample\ServerlessActors.Sample.csproj", "{29BDA862-0CD8-498C-A274-2F2B6A771132}"
EndProject
Project("{2150E333-8FDC-42A3-9474-1A3956D46DE8}") = "definitions", "definitions", "{F0BE9AF1-C13D-4B32-9BF4-BF93B69C9908}"
ProjectSection(SolutionItems) = preProject
	src\template.yaml = src\template.yaml
EndProjectSection
EndProject
Project("{FAE04EC0-301F-11D3-BF4B-00C04F79EFBC}") = "AddProductEndpoint", "src\handlers\AddProductEndpoint\AddProductEndpoint.csproj", "{D0FF396E-A2AF-4FF7-B6FB-92EA5D7172D3}"
EndProject
Project("{FAE04EC0-301F-11D3-BF4B-00C04F79EFBC}") = "GetCartEndpoint", "src\handlers\GetCartEndpoint\GetCartEndpoint.csproj", "{290AA68E-622E-4960-948A-9FCE60B022ED}"
EndProject
Project("{FAE04EC0-301F-11D3-BF4B-00C04F79EFBC}") = "RemoveProductEndpoint", "src\handlers\RemoveProductEndpoint\RemoveProductEndpoint.csproj", "{FEACF35C-9001-481A-8AE4-5AF525AA83DD}"
EndProject
Project("{2150E333-8FDC-42A3-9474-1A3956D46DE8}") = "test", "test", "{C6F72D24-0408-4185-8BB3-B06513526EAA}"
EndProject
Project("{FAE04EC0-301F-11D3-BF4B-00C04F79EFBC}") = "JEasthamDev.Aws.ServerlessActors.UnitTest", "test\JEasthamDev.Aws.ServerlessActors.UnitTest\JEasthamDev.Aws.ServerlessActors.UnitTest.csproj", "{1370CC4E-440E-413A-82CD-65991929C698}"
EndProject
Project("{FAE04EC0-301F-11D3-BF4B-00C04F79EFBC}") = "OrderActor", "src\handlers\OrderActor\OrderActor.csproj", "{77F83713-7666-4024-8CCC-AC3A68D38AFE}"
EndProject
Project("{FAE04EC0-301F-11D3-BF4B-00C04F79EFBC}") = "CreateOrderEndpoint", "src\handlers\CreateOrderEndpoint\CreateOrderEndpoint.csproj", "{87C7B9E4-BC8A-447C-8201-1481F254C226}"
EndProject
Project("{FAE04EC0-301F-11D3-BF4B-00C04F79EFBC}") = "ServerlessActors.Core", "src\shared\ServerlessActors.Core\ServerlessActors.Core.csproj", "{5CF97FE4-3532-4E60-A46A-81E452290D34}"
EndProject
Global
	GlobalSection(SolutionConfigurationPlatforms) = preSolution
		Debug|Any CPU = Debug|Any CPU
		Debug|x64 = Debug|x64
		Debug|x86 = Debug|x86
		Release|Any CPU = Release|Any CPU
		Release|x64 = Release|x64
		Release|x86 = Release|x86
	EndGlobalSection
	GlobalSection(SolutionProperties) = preSolution
		HideSolutionNode = FALSE
	EndGlobalSection
	GlobalSection(ProjectConfigurationPlatforms) = postSolution
		{4E8C5011-1529-4F2F-B7AE-919C1B14522E}.Debug|Any CPU.ActiveCfg = Debug|Any CPU
		{4E8C5011-1529-4F2F-B7AE-919C1B14522E}.Debug|Any CPU.Build.0 = Debug|Any CPU
		{4E8C5011-1529-4F2F-B7AE-919C1B14522E}.Debug|x64.ActiveCfg = Debug|Any CPU
		{4E8C5011-1529-4F2F-B7AE-919C1B14522E}.Debug|x64.Build.0 = Debug|Any CPU
		{4E8C5011-1529-4F2F-B7AE-919C1B14522E}.Debug|x86.ActiveCfg = Debug|Any CPU
		{4E8C5011-1529-4F2F-B7AE-919C1B14522E}.Debug|x86.Build.0 = Debug|Any CPU
		{4E8C5011-1529-4F2F-B7AE-919C1B14522E}.Release|Any CPU.ActiveCfg = Release|Any CPU
		{4E8C5011-1529-4F2F-B7AE-919C1B14522E}.Release|Any CPU.Build.0 = Release|Any CPU
		{4E8C5011-1529-4F2F-B7AE-919C1B14522E}.Release|x64.ActiveCfg = Release|Any CPU
		{4E8C5011-1529-4F2F-B7AE-919C1B14522E}.Release|x64.Build.0 = Release|Any CPU
		{4E8C5011-1529-4F2F-B7AE-919C1B14522E}.Release|x86.ActiveCfg = Release|Any CPU
		{4E8C5011-1529-4F2F-B7AE-919C1B14522E}.Release|x86.Build.0 = Release|Any CPU
		{29BDA862-0CD8-498C-A274-2F2B6A771132}.Debug|Any CPU.ActiveCfg = Debug|Any CPU
		{29BDA862-0CD8-498C-A274-2F2B6A771132}.Debug|Any CPU.Build.0 = Debug|Any CPU
		{29BDA862-0CD8-498C-A274-2F2B6A771132}.Debug|x64.ActiveCfg = Debug|Any CPU
		{29BDA862-0CD8-498C-A274-2F2B6A771132}.Debug|x64.Build.0 = Debug|Any CPU
		{29BDA862-0CD8-498C-A274-2F2B6A771132}.Debug|x86.ActiveCfg = Debug|Any CPU
		{29BDA862-0CD8-498C-A274-2F2B6A771132}.Debug|x86.Build.0 = Debug|Any CPU
		{29BDA862-0CD8-498C-A274-2F2B6A771132}.Release|Any CPU.ActiveCfg = Release|Any CPU
		{29BDA862-0CD8-498C-A274-2F2B6A771132}.Release|Any CPU.Build.0 = Release|Any CPU
		{29BDA862-0CD8-498C-A274-2F2B6A771132}.Release|x64.ActiveCfg = Release|Any CPU
		{29BDA862-0CD8-498C-A274-2F2B6A771132}.Release|x64.Build.0 = Release|Any CPU
		{29BDA862-0CD8-498C-A274-2F2B6A771132}.Release|x86.ActiveCfg = Release|Any CPU
		{29BDA862-0CD8-498C-A274-2F2B6A771132}.Release|x86.Build.0 = Release|Any CPU
		{D0FF396E-A2AF-4FF7-B6FB-92EA5D7172D3}.Debug|Any CPU.ActiveCfg = Debug|Any CPU
		{D0FF396E-A2AF-4FF7-B6FB-92EA5D7172D3}.Debug|Any CPU.Build.0 = Debug|Any CPU
		{D0FF396E-A2AF-4FF7-B6FB-92EA5D7172D3}.Debug|x64.ActiveCfg = Debug|Any CPU
		{D0FF396E-A2AF-4FF7-B6FB-92EA5D7172D3}.Debug|x64.Build.0 = Debug|Any CPU
		{D0FF396E-A2AF-4FF7-B6FB-92EA5D7172D3}.Debug|x86.ActiveCfg = Debug|Any CPU
		{D0FF396E-A2AF-4FF7-B6FB-92EA5D7172D3}.Debug|x86.Build.0 = Debug|Any CPU
		{D0FF396E-A2AF-4FF7-B6FB-92EA5D7172D3}.Release|Any CPU.ActiveCfg = Release|Any CPU
		{D0FF396E-A2AF-4FF7-B6FB-92EA5D7172D3}.Release|Any CPU.Build.0 = Release|Any CPU
		{D0FF396E-A2AF-4FF7-B6FB-92EA5D7172D3}.Release|x64.ActiveCfg = Release|Any CPU
		{D0FF396E-A2AF-4FF7-B6FB-92EA5D7172D3}.Release|x64.Build.0 = Release|Any CPU
		{D0FF396E-A2AF-4FF7-B6FB-92EA5D7172D3}.Release|x86.ActiveCfg = Release|Any CPU
		{D0FF396E-A2AF-4FF7-B6FB-92EA5D7172D3}.Release|x86.Build.0 = Release|Any CPU
		{290AA68E-622E-4960-948A-9FCE60B022ED}.Debug|Any CPU.ActiveCfg = Debug|Any CPU
		{290AA68E-622E-4960-948A-9FCE60B022ED}.Debug|Any CPU.Build.0 = Debug|Any CPU
		{290AA68E-622E-4960-948A-9FCE60B022ED}.Debug|x64.ActiveCfg = Debug|Any CPU
		{290AA68E-622E-4960-948A-9FCE60B022ED}.Debug|x64.Build.0 = Debug|Any CPU
		{290AA68E-622E-4960-948A-9FCE60B022ED}.Debug|x86.ActiveCfg = Debug|Any CPU
		{290AA68E-622E-4960-948A-9FCE60B022ED}.Debug|x86.Build.0 = Debug|Any CPU
		{290AA68E-622E-4960-948A-9FCE60B022ED}.Release|Any CPU.ActiveCfg = Release|Any CPU
		{290AA68E-622E-4960-948A-9FCE60B022ED}.Release|Any CPU.Build.0 = Release|Any CPU
		{290AA68E-622E-4960-948A-9FCE60B022ED}.Release|x64.ActiveCfg = Release|Any CPU
		{290AA68E-622E-4960-948A-9FCE60B022ED}.Release|x64.Build.0 = Release|Any CPU
		{290AA68E-622E-4960-948A-9FCE60B022ED}.Release|x86.ActiveCfg = Release|Any CPU
		{290AA68E-622E-4960-948A-9FCE60B022ED}.Release|x86.Build.0 = Release|Any CPU
		{FEACF35C-9001-481A-8AE4-5AF525AA83DD}.Debug|Any CPU.ActiveCfg = Debug|Any CPU
		{FEACF35C-9001-481A-8AE4-5AF525AA83DD}.Debug|Any CPU.Build.0 = Debug|Any CPU
		{FEACF35C-9001-481A-8AE4-5AF525AA83DD}.Debug|x64.ActiveCfg = Debug|Any CPU
		{FEACF35C-9001-481A-8AE4-5AF525AA83DD}.Debug|x64.Build.0 = Debug|Any CPU
		{FEACF35C-9001-481A-8AE4-5AF525AA83DD}.Debug|x86.ActiveCfg = Debug|Any CPU
		{FEACF35C-9001-481A-8AE4-5AF525AA83DD}.Debug|x86.Build.0 = Debug|Any CPU
		{FEACF35C-9001-481A-8AE4-5AF525AA83DD}.Release|Any CPU.ActiveCfg = Release|Any CPU
		{FEACF35C-9001-481A-8AE4-5AF525AA83DD}.Release|Any CPU.Build.0 = Release|Any CPU
		{FEACF35C-9001-481A-8AE4-5AF525AA83DD}.Release|x64.ActiveCfg = Release|Any CPU
		{FEACF35C-9001-481A-8AE4-5AF525AA83DD}.Release|x64.Build.0 = Release|Any CPU
		{FEACF35C-9001-481A-8AE4-5AF525AA83DD}.Release|x86.ActiveCfg = Release|Any CPU
		{FEACF35C-9001-481A-8AE4-5AF525AA83DD}.Release|x86.Build.0 = Release|Any CPU
		{1370CC4E-440E-413A-82CD-65991929C698}.Debug|Any CPU.ActiveCfg = Debug|Any CPU
		{1370CC4E-440E-413A-82CD-65991929C698}.Debug|Any CPU.Build.0 = Debug|Any CPU
		{1370CC4E-440E-413A-82CD-65991929C698}.Debug|x64.ActiveCfg = Debug|Any CPU
		{1370CC4E-440E-413A-82CD-65991929C698}.Debug|x64.Build.0 = Debug|Any CPU
		{1370CC4E-440E-413A-82CD-65991929C698}.Debug|x86.ActiveCfg = Debug|Any CPU
		{1370CC4E-440E-413A-82CD-65991929C698}.Debug|x86.Build.0 = Debug|Any CPU
		{1370CC4E-440E-413A-82CD-65991929C698}.Release|Any CPU.ActiveCfg = Release|Any CPU
		{1370CC4E-440E-413A-82CD-65991929C698}.Release|Any CPU.Build.0 = Release|Any CPU
		{1370CC4E-440E-413A-82CD-65991929C698}.Release|x64.ActiveCfg = Release|Any CPU
		{1370CC4E-440E-413A-82CD-65991929C698}.Release|x64.Build.0 = Release|Any CPU
		{1370CC4E-440E-413A-82CD-65991929C698}.Release|x86.ActiveCfg = Release|Any CPU
		{1370CC4E-440E-413A-82CD-65991929C698}.Release|x86.Build.0 = Release|Any CPU
		{77F83713-7666-4024-8CCC-AC3A68D38AFE}.Debug|Any CPU.ActiveCfg = Debug|Any CPU
		{77F83713-7666-4024-8CCC-AC3A68D38AFE}.Debug|Any CPU.Build.0 = Debug|Any CPU
		{77F83713-7666-4024-8CCC-AC3A68D38AFE}.Debug|x64.ActiveCfg = Debug|Any CPU
		{77F83713-7666-4024-8CCC-AC3A68D38AFE}.Debug|x64.Build.0 = Debug|Any CPU
		{77F83713-7666-4024-8CCC-AC3A68D38AFE}.Debug|x86.ActiveCfg = Debug|Any CPU
		{77F83713-7666-4024-8CCC-AC3A68D38AFE}.Debug|x86.Build.0 = Debug|Any CPU
		{77F83713-7666-4024-8CCC-AC3A68D38AFE}.Release|Any CPU.ActiveCfg = Release|Any CPU
		{77F83713-7666-4024-8CCC-AC3A68D38AFE}.Release|Any CPU.Build.0 = Release|Any CPU
		{77F83713-7666-4024-8CCC-AC3A68D38AFE}.Release|x64.ActiveCfg = Release|Any CPU
		{77F83713-7666-4024-8CCC-AC3A68D38AFE}.Release|x64.Build.0 = Release|Any CPU
		{77F83713-7666-4024-8CCC-AC3A68D38AFE}.Release|x86.ActiveCfg = Release|Any CPU
		{77F83713-7666-4024-8CCC-AC3A68D38AFE}.Release|x86.Build.0 = Release|Any CPU
		{87C7B9E4-BC8A-447C-8201-1481F254C226}.Debug|Any CPU.ActiveCfg = Debug|Any CPU
		{87C7B9E4-BC8A-447C-8201-1481F254C226}.Debug|Any CPU.Build.0 = Debug|Any CPU
		{87C7B9E4-BC8A-447C-8201-1481F254C226}.Debug|x64.ActiveCfg = Debug|Any CPU
		{87C7B9E4-BC8A-447C-8201-1481F254C226}.Debug|x64.Build.0 = Debug|Any CPU
		{87C7B9E4-BC8A-447C-8201-1481F254C226}.Debug|x86.ActiveCfg = Debug|Any CPU
		{87C7B9E4-BC8A-447C-8201-1481F254C226}.Debug|x86.Build.0 = Debug|Any CPU
		{87C7B9E4-BC8A-447C-8201-1481F254C226}.Release|Any CPU.ActiveCfg = Release|Any CPU
		{87C7B9E4-BC8A-447C-8201-1481F254C226}.Release|Any CPU.Build.0 = Release|Any CPU
		{87C7B9E4-BC8A-447C-8201-1481F254C226}.Release|x64.ActiveCfg = Release|Any CPU
		{87C7B9E4-BC8A-447C-8201-1481F254C226}.Release|x64.Build.0 = Release|Any CPU
		{87C7B9E4-BC8A-447C-8201-1481F254C226}.Release|x86.ActiveCfg = Release|Any CPU
		{87C7B9E4-BC8A-447C-8201-1481F254C226}.Release|x86.Build.0 = Release|Any CPU
		{5CF97FE4-3532-4E60-A46A-81E452290D34}.Debug|Any CPU.ActiveCfg = Debug|Any CPU
		{5CF97FE4-3532-4E60-A46A-81E452290D34}.Debug|Any CPU.Build.0 = Debug|Any CPU
		{5CF97FE4-3532-4E60-A46A-81E452290D34}.Debug|x64.ActiveCfg = Debug|Any CPU
		{5CF97FE4-3532-4E60-A46A-81E452290D34}.Debug|x64.Build.0 = Debug|Any CPU
		{5CF97FE4-3532-4E60-A46A-81E452290D34}.Debug|x86.ActiveCfg = Debug|Any CPU
		{5CF97FE4-3532-4E60-A46A-81E452290D34}.Debug|x86.Build.0 = Debug|Any CPU
		{5CF97FE4-3532-4E60-A46A-81E452290D34}.Release|Any CPU.ActiveCfg = Release|Any CPU
		{5CF97FE4-3532-4E60-A46A-81E452290D34}.Release|Any CPU.Build.0 = Release|Any CPU
		{5CF97FE4-3532-4E60-A46A-81E452290D34}.Release|x64.ActiveCfg = Release|Any CPU
		{5CF97FE4-3532-4E60-A46A-81E452290D34}.Release|x64.Build.0 = Release|Any CPU
		{5CF97FE4-3532-4E60-A46A-81E452290D34}.Release|x86.ActiveCfg = Release|Any CPU
		{5CF97FE4-3532-4E60-A46A-81E452290D34}.Release|x86.Build.0 = Release|Any CPU
	EndGlobalSection
	GlobalSection(NestedProjects) = preSolution
		{81DBF349-C767-49D2-8972-F0B0219FAB9F} = {2F85A472-DF2F-4DF1-B088-E50A5C4BDAA9}
		{4E8C5011-1529-4F2F-B7AE-919C1B14522E} = {81DBF349-C767-49D2-8972-F0B0219FAB9F}
		{29BDA862-0CD8-498C-A274-2F2B6A771132} = {8D92E10B-8865-4C82-9C0E-10F72DFF07BF}
		{D0FF396E-A2AF-4FF7-B6FB-92EA5D7172D3} = {81DBF349-C767-49D2-8972-F0B0219FAB9F}
		{290AA68E-622E-4960-948A-9FCE60B022ED} = {81DBF349-C767-49D2-8972-F0B0219FAB9F}
		{FEACF35C-9001-481A-8AE4-5AF525AA83DD} = {81DBF349-C767-49D2-8972-F0B0219FAB9F}
		{1370CC4E-440E-413A-82CD-65991929C698} = {C6F72D24-0408-4185-8BB3-B06513526EAA}
		{77F83713-7666-4024-8CCC-AC3A68D38AFE} = {81DBF349-C767-49D2-8972-F0B0219FAB9F}
		{87C7B9E4-BC8A-447C-8201-1481F254C226} = {81DBF349-C767-49D2-8972-F0B0219FAB9F}
		{5CF97FE4-3532-4E60-A46A-81E452290D34} = {8D92E10B-8865-4C82-9C0E-10F72DFF07BF}
	EndGlobalSection
EndGlobal
